
Microsoft Visual Studio Solution File, Format Version 12.00
# Visual Studio Version 17
VisualStudioVersion = 17.0.31825.309
MinimumVisualStudioVersion = 10.0.40219.1
Project("{9A19103F-16F7-4668-BE54-9A1E7A4F7556}") = "HelperKit", "HelperKit\HelperKit.csproj", "{F4F3CA84-32FF-442A-A513-AA02B17C9821}"
EndProject
Project("{9A19103F-16F7-4668-BE54-9A1E7A4F7556}") = "HelperKit.Tests", "HelperKit.Tests\HelperKit.Tests.csproj", "{85D49136-2FBC-4D6C-BA12-B50097170573}"
EndProject
Project("{FAE04EC0-301F-11D3-BF4B-00C04F79EFBC}") = "HelperKit.Benchmark", "HelperKit.Benchmark\HelperKit.Benchmark.csproj", "{AAD5D4F0-FC89-4814-A1AB-54AD19A41B78}"
EndProject
Global
	GlobalSection(SolutionConfigurationPlatforms) = preSolution
		Debug|Any CPU = Debug|Any CPU
		Release|Any CPU = Release|Any CPU
	EndGlobalSection
	GlobalSection(ProjectConfigurationPlatforms) = postSolution
		{F4F3CA84-32FF-442A-A513-AA02B17C9821}.Debug|Any CPU.ActiveCfg = Debug|Any CPU
		{F4F3CA84-32FF-442A-A513-AA02B17C9821}.Debug|Any CPU.Build.0 = Debug|Any CPU
		{F4F3CA84-32FF-442A-A513-AA02B17C9821}.Release|Any CPU.ActiveCfg = Release|Any CPU
		{F4F3CA84-32FF-442A-A513-AA02B17C9821}.Release|Any CPU.Build.0 = Release|Any CPU
		{85D49136-2FBC-4D6C-BA12-B50097170573}.Debug|Any CPU.ActiveCfg = Debug|Any CPU
		{85D49136-2FBC-4D6C-BA12-B50097170573}.Debug|Any CPU.Build.0 = Debug|Any CPU
		{85D49136-2FBC-4D6C-BA12-B50097170573}.Release|Any CPU.ActiveCfg = Release|Any CPU
		{85D49136-2FBC-4D6C-BA12-B50097170573}.Release|Any CPU.Build.0 = Release|Any CPU
		{AAD5D4F0-FC89-4814-A1AB-54AD19A41B78}.Debug|Any CPU.ActiveCfg = Debug|Any CPU
		{AAD5D4F0-FC89-4814-A1AB-54AD19A41B78}.Debug|Any CPU.Build.0 = Debug|Any CPU
		{AAD5D4F0-FC89-4814-A1AB-54AD19A41B78}.Release|Any CPU.ActiveCfg = Release|Any CPU
		{AAD5D4F0-FC89-4814-A1AB-54AD19A41B78}.Release|Any CPU.Build.0 = Release|Any CPU
	EndGlobalSection
	GlobalSection(SolutionProperties) = preSolution
		HideSolutionNode = FALSE
	EndGlobalSection
	GlobalSection(ExtensibilityGlobals) = postSolution
		SolutionGuid = {F5E56751-D3C4-49C4-AD8E-40A9A000360F}
	EndGlobalSection
EndGlobal
